
Microsoft Visual Studio Solution File, Format Version 12.00
# Visual Studio Version 17
VisualStudioVersion = 17.10.35013.160
MinimumVisualStudioVersion = 10.0.40219.1
Project("{2150E333-8FDC-42A3-9474-1A3956D46DE8}") = "src", "src", "{D53201FF-BE14-481E-8947-2634ABDF9B5B}"
EndProject
Project("{9A19103F-16F7-4668-BE54-9A1E7A4F7556}") = "Business", "Application\Business.csproj", "{13333411-ED07-4186-9319-5921BBB212BB}"
EndProject
Project("{9A19103F-16F7-4668-BE54-9A1E7A4F7556}") = "DataAccess", "Infrastructure\DataAccess.csproj", "{4BE9090F-2F59-4D67-B1CB-3BC9FBB9B0CA}"
EndProject
Project("{FAE04EC0-301F-11D3-BF4B-00C04F79EFBC}") = "WebApi", "WebApi\WebApi.csproj", "{94867E3A-13D9-49E5-A54B-2763D3D179C3}"
EndProject
Global
	GlobalSection(SolutionConfigurationPlatforms) = preSolution
		Debug|Any CPU = Debug|Any CPU
		Release|Any CPU = Release|Any CPU
	EndGlobalSection
	GlobalSection(ProjectConfigurationPlatforms) = postSolution
		{13333411-ED07-4186-9319-5921BBB212BB}.Debug|Any CPU.ActiveCfg = Debug|Any CPU
		{13333411-ED07-4186-9319-5921BBB212BB}.Debug|Any CPU.Build.0 = Debug|Any CPU
		{13333411-ED07-4186-9319-5921BBB212BB}.Release|Any CPU.ActiveCfg = Release|Any CPU
		{13333411-ED07-4186-9319-5921BBB212BB}.Release|Any CPU.Build.0 = Release|Any CPU
		{4BE9090F-2F59-4D67-B1CB-3BC9FBB9B0CA}.Debug|Any CPU.ActiveCfg = Debug|Any CPU
		{4BE9090F-2F59-4D67-B1CB-3BC9FBB9B0CA}.Debug|Any CPU.Build.0 = Debug|Any CPU
		{4BE9090F-2F59-4D67-B1CB-3BC9FBB9B0CA}.Release|Any CPU.ActiveCfg = Release|Any CPU
		{4BE9090F-2F59-4D67-B1CB-3BC9FBB9B0CA}.Release|Any CPU.Build.0 = Release|Any CPU
		{94867E3A-13D9-49E5-A54B-2763D3D179C3}.Debug|Any CPU.ActiveCfg = Debug|Any CPU
		{94867E3A-13D9-49E5-A54B-2763D3D179C3}.Debug|Any CPU.Build.0 = Debug|Any CPU
		{94867E3A-13D9-49E5-A54B-2763D3D179C3}.Release|Any CPU.ActiveCfg = Release|Any CPU
		{94867E3A-13D9-49E5-A54B-2763D3D179C3}.Release|Any CPU.Build.0 = Release|Any CPU
	EndGlobalSection
	GlobalSection(SolutionProperties) = preSolution
		HideSolutionNode = FALSE
	EndGlobalSection
	GlobalSection(NestedProjects) = preSolution
		{13333411-ED07-4186-9319-5921BBB212BB} = {D53201FF-BE14-481E-8947-2634ABDF9B5B}
		{4BE9090F-2F59-4D67-B1CB-3BC9FBB9B0CA} = {D53201FF-BE14-481E-8947-2634ABDF9B5B}
		{94867E3A-13D9-49E5-A54B-2763D3D179C3} = {D53201FF-BE14-481E-8947-2634ABDF9B5B}
	EndGlobalSection
	GlobalSection(ExtensibilityGlobals) = postSolution
		SolutionGuid = {ACEC8320-6CD8-4255-8C37-2AB981F201B4}
	EndGlobalSection
EndGlobal
